
Microsoft Visual Studio Solution File, Format Version 12.00
Project("{FAE04EC0-301F-11D3-BF4B-00C04F79EFBC}") = "Logick.Test.Api", "Logick.Test.Api\Logick.Test.Api.csproj", "{DE02745D-774C-480C-9777-E310A1ECCE05}"
EndProject
Global
	GlobalSection(SolutionConfigurationPlatforms) = preSolution
		Debug|Any CPU = Debug|Any CPU
		Release|Any CPU = Release|Any CPU
	EndGlobalSection
	GlobalSection(ProjectConfigurationPlatforms) = postSolution
		{DE02745D-774C-480C-9777-E310A1ECCE05}.Debug|Any CPU.ActiveCfg = Debug|Any CPU
		{DE02745D-774C-480C-9777-E310A1ECCE05}.Debug|Any CPU.Build.0 = Debug|Any CPU
		{DE02745D-774C-480C-9777-E310A1ECCE05}.Release|Any CPU.ActiveCfg = Release|Any CPU
		{DE02745D-774C-480C-9777-E310A1ECCE05}.Release|Any CPU.Build.0 = Release|Any CPU
	EndGlobalSection
EndGlobal
